// !$*UTF8*$!
{
	archiveVersion = 1;
	classes = {
	};
	objectVersion = 46;
	objects = {

/* Begin PBXBuildFile section */
		6398BB8F1C79115200193179 /* AppDelegate.swift in Sources */ = {isa = PBXBuildFile; fileRef = 6398BB8E1C79115200193179 /* AppDelegate.swift */; };
		6398BB911C79115200193179 /* ViewController.swift in Sources */ = {isa = PBXBuildFile; fileRef = 6398BB901C79115200193179 /* ViewController.swift */; };
		6398BB941C79115200193179 /* Main.storyboard in Resources */ = {isa = PBXBuildFile; fileRef = 6398BB921C79115200193179 /* Main.storyboard */; };
		6398BB971C79115200193179 /* Pokedex.xcdatamodeld in Sources */ = {isa = PBXBuildFile; fileRef = 6398BB951C79115200193179 /* Pokedex.xcdatamodeld */; };
		6398BB991C79115200193179 /* Assets.xcassets in Resources */ = {isa = PBXBuildFile; fileRef = 6398BB981C79115200193179 /* Assets.xcassets */; };
		6398BB9C1C79115200193179 /* LaunchScreen.storyboard in Resources */ = {isa = PBXBuildFile; fileRef = 6398BB9A1C79115200193179 /* LaunchScreen.storyboard */; };
		6398BBA41C7913FD00193179 /* pokemon.csv in Resources */ = {isa = PBXBuildFile; fileRef = 6398BBA31C7913FD00193179 /* pokemon.csv */; };
/* End PBXBuildFile section */

/* Begin PBXFileReference section */
		6398BB8B1C79115200193179 /* Pokedex.app */ = {isa = PBXFileReference; explicitFileType = wrapper.application; includeInIndex = 0; path = Pokedex.app; sourceTree = BUILT_PRODUCTS_DIR; };
		6398BB8E1C79115200193179 /* AppDelegate.swift */ = {isa = PBXFileReference; lastKnownFileType = sourcecode.swift; path = AppDelegate.swift; sourceTree = "<group>"; };
		6398BB901C79115200193179 /* ViewController.swift */ = {isa = PBXFileReference; lastKnownFileType = sourcecode.swift; path = ViewController.swift; sourceTree = "<group>"; };
		6398BB931C79115200193179 /* Base */ = {isa = PBXFileReference; lastKnownFileType = file.storyboard; name = Base; path = Base.lproj/Main.storyboard; sourceTree = "<group>"; };
		6398BB961C79115200193179 /* Pokedex.xcdatamodel */ = {isa = PBXFileReference; lastKnownFileType = wrapper.xcdatamodel; path = Pokedex.xcdatamodel; sourceTree = "<group>"; };
		6398BB981C79115200193179 /* Assets.xcassets */ = {isa = PBXFileReference; lastKnownFileType = folder.assetcatalog; path = Assets.xcassets; sourceTree = "<group>"; };
		6398BB9B1C79115200193179 /* Base */ = {isa = PBXFileReference; lastKnownFileType = file.storyboard; name = Base; path = Base.lproj/LaunchScreen.storyboard; sourceTree = "<group>"; };
		6398BB9D1C79115200193179 /* Info.plist */ = {isa = PBXFileReference; lastKnownFileType = text.plist.xml; path = Info.plist; sourceTree = "<group>"; };
		6398BBA31C7913FD00193179 /* pokemon.csv */ = {isa = PBXFileReference; fileEncoding = 4; lastKnownFileType = text; path = pokemon.csv; sourceTree = "<group>"; };
/* End PBXFileReference section */

/* Begin PBXFrameworksBuildPhase section */
		6398BB881C79115200193179 /* Frameworks */ = {
			isa = PBXFrameworksBuildPhase;
			buildActionMask = 2147483647;
			files = (
			);
			runOnlyForDeploymentPostprocessing = 0;
		};
/* End PBXFrameworksBuildPhase section */

/* Begin PBXGroup section */
		6398BB821C79115200193179 = {
			isa = PBXGroup;
			children = (
				6398BB8D1C79115200193179 /* Pokedex */,
				6398BB8C1C79115200193179 /* Products */,
			);
			sourceTree = "<group>";
		};
		6398BB8C1C79115200193179 /* Products */ = {
			isa = PBXGroup;
			children = (
				6398BB8B1C79115200193179 /* Pokedex.app */,
			);
			name = Products;
			sourceTree = "<group>";
		};
		6398BB8D1C79115200193179 /* Pokedex */ = {
			isa = PBXGroup;
			children = (
				6398BBA71C79141100193179 /* model */,
				6398BBA61C79140B00193179 /* view */,
				6398BBA51C79140200193179 /* controller */,
				6398BB8E1C79115200193179 /* AppDelegate.swift */,
				6398BB921C79115200193179 /* Main.storyboard */,
				6398BB981C79115200193179 /* Assets.xcassets */,
				6398BB9A1C79115200193179 /* LaunchScreen.storyboard */,
				6398BB9D1C79115200193179 /* Info.plist */,
				6398BB951C79115200193179 /* Pokedex.xcdatamodeld */,
			);
			path = Pokedex;
			sourceTree = "<group>";
		};
		6398BBA51C79140200193179 /* controller */ = {
			isa = PBXGroup;
			children = (
				6398BB901C79115200193179 /* ViewController.swift */,
			);
			name = controller;
			sourceTree = "<group>";
		};
		6398BBA61C79140B00193179 /* view */ = {
			isa = PBXGroup;
			children = (
			);
			name = view;
			sourceTree = "<group>";
		};
		6398BBA71C79141100193179 /* model */ = {
			isa = PBXGroup;
			children = (
				6398BBA31C7913FD00193179 /* pokemon.csv */,
			);
			name = model;
			sourceTree = "<group>";
		};
/* End PBXGroup section */

/* Begin PBXNativeTarget section */
		6398BB8A1C79115200193179 /* Pokedex */ = {
			isa = PBXNativeTarget;
			buildConfigurationList = 6398BBA01C79115200193179 /* Build configuration list for PBXNativeTarget "Pokedex" */;
			buildPhases = (
				6398BB871C79115200193179 /* Sources */,
				6398BB881C79115200193179 /* Frameworks */,
				6398BB891C79115200193179 /* Resources */,
			);
			buildRules = (
			);
			dependencies = (
			);
			name = Pokedex;
			productName = Pokedex;
			productReference = 6398BB8B1C79115200193179 /* Pokedex.app */;
			productType = "com.apple.product-type.application";
		};
/* End PBXNativeTarget section */

/* Begin PBXProject section */
		6398BB831C79115200193179 /* Project object */ = {
			isa = PBXProject;
			attributes = {
				LastSwiftUpdateCheck = 0720;
				LastUpgradeCheck = 0720;
				ORGANIZATIONNAME = ResponseApps;
				TargetAttributes = {
					6398BB8A1C79115200193179 = {
						CreatedOnToolsVersion = 7.2.1;
						DevelopmentTeam = 5L6ATV529N;
					};
				};
			};
			buildConfigurationList = 6398BB861C79115200193179 /* Build configuration list for PBXProject "Pokedex" */;
			compatibilityVersion = "Xcode 3.2";
			developmentRegion = English;
			hasScannedForEncodings = 0;
			knownRegions = (
				en,
				Base,
			);
			mainGroup = 6398BB821C79115200193179;
			productRefGroup = 6398BB8C1C79115200193179 /* Products */;
			projectDirPath = "";
			projectRoot = "";
			targets = (
				6398BB8A1C79115200193179 /* Pokedex */,
			);
		};
/* End PBXProject section */

/* Begin PBXResourcesBuildPhase section */
		6398BB891C79115200193179 /* Resources */ = {
			isa = PBXResourcesBuildPhase;
			buildActionMask = 2147483647;
			files = (
				6398BB9C1C79115200193179 /* LaunchScreen.storyboard in Resources */,
				6398BB991C79115200193179 /* Assets.xcassets in Resources */,
				6398BBA41C7913FD00193179 /* pokemon.csv in Resources */,
				6398BB941C79115200193179 /* Main.storyboard in Resources */,
			);
			runOnlyForDeploymentPostprocessing = 0;
		};
/* End PBXResourcesBuildPhase section */

/* Begin PBXSourcesBuildPhase section */
		6398BB871C79115200193179 /* Sources */ = {
			isa = PBXSourcesBuildPhase;
			buildActionMask = 2147483647;
			files = (
				6398BB911C79115200193179 /* ViewController.swift in Sources */,
				6398BB971C79115200193179 /* Pokedex.xcdatamodeld in Sources */,
				6398BB8F1C79115200193179 /* AppDelegate.swift in Sources */,
			);
			runOnlyForDeploymentPostprocessing = 0;
		};
/* End PBXSourcesBuildPhase section */

/* Begin PBXVariantGroup section */
		6398BB921C79115200193179 /* Main.storyboard */ = {
			isa = PBXVariantGroup;
			children = (
				6398BB931C79115200193179 /* Base */,
			);
			name = Main.storyboard;
			sourceTree = "<group>";
		};
		6398BB9A1C79115200193179 /* LaunchScreen.storyboard */ = {
			isa = PBXVariantGroup;
			children = (
				6398BB9B1C79115200193179 /* Base */,
			);
			name = LaunchScreen.storyboard;
			sourceTree = "<group>";
		};
/* End PBXVariantGroup section */

/* Begin XCBuildConfiguration section */
		6398BB9E1C79115200193179 /* Debug */ = {
			isa = XCBuildConfiguration;
			buildSettings = {
				ALWAYS_SEARCH_USER_PATHS = NO;
				CLANG_CXX_LANGUAGE_STANDARD = "gnu++0x";
				CLANG_CXX_LIBRARY = "libc++";
				CLANG_ENABLE_MODULES = YES;
				CLANG_ENABLE_OBJC_ARC = YES;
				CLANG_WARN_BOOL_CONVERSION = YES;
				CLANG_WARN_CONSTANT_CONVERSION = YES;
				CLANG_WARN_DIRECT_OBJC_ISA_USAGE = YES_ERROR;
				CLANG_WARN_EMPTY_BODY = YES;
				CLANG_WARN_ENUM_CONVERSION = YES;
				CLANG_WARN_INT_CONVERSION = YES;
				CLANG_WARN_OBJC_ROOT_CLASS = YES_ERROR;
				CLANG_WARN_UNREACHABLE_CODE = YES;
				CLANG_WARN__DUPLICATE_METHOD_MATCH = YES;
				"CODE_SIGN_IDENTITY[sdk=iphoneos*]" = "iPhone Developer";
				COPY_PHASE_STRIP = NO;
				DEBUG_INFORMATION_FORMAT = dwarf;
				ENABLE_STRICT_OBJC_MSGSEND = YES;
				ENABLE_TESTABILITY = YES;
				GCC_C_LANGUAGE_STANDARD = gnu99;
				GCC_DYNAMIC_NO_PIC = NO;
				GCC_NO_COMMON_BLOCKS = YES;
				GCC_OPTIMIZATION_LEVEL = 0;
				GCC_PREPROCESSOR_DEFINITIONS = (
					"DEBUG=1",
					"$(inherited)",
				);
				GCC_WARN_64_TO_32_BIT_CONVERSION = YES;
				GCC_WARN_ABOUT_RETURN_TYPE = YES_ERROR;
				GCC_WARN_UNDECLARED_SELECTOR = YES;
				GCC_WARN_UNINITIALIZED_AUTOS = YES_AGGRESSIVE;
				GCC_WARN_UNUSED_FUNCTION = YES;
				GCC_WARN_UNUSED_VARIABLE = YES;
				IPHONEOS_DEPLOYMENT_TARGET = 9.2;
				MTL_ENABLE_DEBUG_INFO = YES;
				ONLY_ACTIVE_ARCH = YES;
				SDKROOT = iphoneos;
				SWIFT_OPTIMIZATION_LEVEL = "-Onone";
				TARGETED_DEVICE_FAMILY = "1,2";
			};
			name = Debug;
		};
		6398BB9F1C79115200193179 /* Release */ = {
			isa = XCBuildConfiguration;
			buildSettings = {
				ALWAYS_SEARCH_USER_PATHS = NO;
				CLANG_CXX_LANGUAGE_STANDARD = "gnu++0x";
				CLANG_CXX_LIBRARY = "libc++";
				CLANG_ENABLE_MODULES = YES;
				CLANG_ENABLE_OBJC_ARC = YES;
				CLANG_WARN_BOOL_CONVERSION = YES;
				CLANG_WARN_CONSTANT_CONVERSION = YES;
				CLANG_WARN_DIRECT_OBJC_ISA_USAGE = YES_ERROR;
				CLANG_WARN_EMPTY_BODY = YES;
				CLANG_WARN_ENUM_CONVERSION = YES;
				CLANG_WARN_INT_CONVERSION = YES;
				CLANG_WARN_OBJC_ROOT_CLASS = YES_ERROR;
				CLANG_WARN_UNREACHABLE_CODE = YES;
				CLANG_WARN__DUPLICATE_METHOD_MATCH = YES;
				"CODE_SIGN_IDENTITY[sdk=iphoneos*]" = "iPhone Developer";
				COPY_PHASE_STRIP = NO;
				DEBUG_INFORMATION_FORMAT = "dwarf-with-dsym";
				ENABLE_NS_ASSERTIONS = NO;
				ENABLE_STRICT_OBJC_MSGSEND = YES;
				GCC_C_LANGUAGE_STANDARD = gnu99;
				GCC_NO_COMMON_BLOCKS = YES;
				GCC_WARN_64_TO_32_BIT_CONVERSION = YES;
				GCC_WARN_ABOUT_RETURN_TYPE = YES_ERROR;
				GCC_WARN_UNDECLARED_SELECTOR = YES;
				GCC_WARN_UNINITIALIZED_AUTOS = YES_AGGRESSIVE;
				GCC_WARN_UNUSED_FUNCTION = YES;
				GCC_WARN_UNUSED_VARIABLE = YES;
				IPHONEOS_DEPLOYMENT_TARGET = 9.2;
				MTL_ENABLE_DEBUG_INFO = NO;
				SDKROOT = iphoneos;
				TARGETED_DEVICE_FAMILY = "1,2";
				VALIDATE_PRODUCT = YES;
			};
			name = Release;
		};
		6398BBA11C79115200193179 /* Debug */ = {
			isa = XCBuildConfiguration;
			buildSettings = {
				ASSETCATALOG_COMPILER_APPICON_NAME = AppIcon;
				INFOPLIST_FILE = Pokedex/Info.plist;
				LD_RUNPATH_SEARCH_PATHS = "$(inherited) @executable_path/Frameworks";
				PRODUCT_BUNDLE_IDENTIFIER = com.mikeyj777.Pokedex;
				PRODUCT_NAME = "$(TARGET_NAME)";
			};
			name = Debug;
		};
		6398BBA21C79115200193179 /* Release */ = {
			isa = XCBuildConfiguration;
			buildSettings = {
				ASSETCATALOG_COMPILER_APPICON_NAME = AppIcon;
				INFOPLIST_FILE = Pokedex/Info.plist;
				LD_RUNPATH_SEARCH_PATHS = "$(inherited) @executable_path/Frameworks";
				PRODUCT_BUNDLE_IDENTIFIER = com.mikeyj777.Pokedex;
				PRODUCT_NAME = "$(TARGET_NAME)";
			};
			name = Release;
		};
/* End XCBuildConfiguration section */

/* Begin XCConfigurationList section */
		6398BB861C79115200193179 /* Build configuration list for PBXProject "Pokedex" */ = {
			isa = XCConfigurationList;
			buildConfigurations = (
				6398BB9E1C79115200193179 /* Debug */,
				6398BB9F1C79115200193179 /* Release */,
			);
			defaultConfigurationIsVisible = 0;
			defaultConfigurationName = Release;
		};
		6398BBA01C79115200193179 /* Build configuration list for PBXNativeTarget "Pokedex" */ = {
			isa = XCConfigurationList;
			buildConfigurations = (
				6398BBA11C79115200193179 /* Debug */,
				6398BBA21C79115200193179 /* Release */,
			);
			defaultConfigurationIsVisible = 0;
		};
/* End XCConfigurationList section */

/* Begin XCVersionGroup section */
		6398BB951C79115200193179 /* Pokedex.xcdatamodeld */ = {
			isa = XCVersionGroup;
			children = (
				6398BB961C79115200193179 /* Pokedex.xcdatamodel */,
			);
			currentVersion = 6398BB961C79115200193179 /* Pokedex.xcdatamodel */;
			path = Pokedex.xcdatamodeld;
			sourceTree = "<group>";
			versionGroupType = wrapper.xcdatamodel;
		};
/* End XCVersionGroup section */
	};
	rootObject = 6398BB831C79115200193179 /* Project object */;
}
